
Microsoft Visual Studio Solution File, Format Version 12.00
# Visual Studio Version 17
VisualStudioVersion = 17.1.32421.90
MinimumVisualStudioVersion = 10.0.40219.1
Project("{FAE04EC0-301F-11D3-BF4B-00C04F79EFBC}") = "ProjetoTreino", "ProjetoTreino\ProjetoTreino.csproj", "{CF390B41-A9AF-4607-A665-7238668EA6DE}"
EndProject
Global
	GlobalSection(SolutionConfigurationPlatforms) = preSolution
		Debug|Any CPU = Debug|Any CPU
		Release|Any CPU = Release|Any CPU
	EndGlobalSection
	GlobalSection(ProjectConfigurationPlatforms) = postSolution
		{CF390B41-A9AF-4607-A665-7238668EA6DE}.Debug|Any CPU.ActiveCfg = Debug|Any CPU
		{CF390B41-A9AF-4607-A665-7238668EA6DE}.Debug|Any CPU.Build.0 = Debug|Any CPU
		{CF390B41-A9AF-4607-A665-7238668EA6DE}.Release|Any CPU.ActiveCfg = Release|Any CPU
		{CF390B41-A9AF-4607-A665-7238668EA6DE}.Release|Any CPU.Build.0 = Release|Any CPU
	EndGlobalSection
	GlobalSection(SolutionProperties) = preSolution
		HideSolutionNode = FALSE
	EndGlobalSection
	GlobalSection(ExtensibilityGlobals) = postSolution
		SolutionGuid = {01280809-5A14-4D42-B6E3-0584562FD46F}
	EndGlobalSection
EndGlobal
